
Microsoft Visual Studio Solution File, Format Version 12.00
# Visual Studio 15
VisualStudioVersion = 15.0.28010.2046
MinimumVisualStudioVersion = 10.0.40219.1
Project("{FAE04EC0-301F-11D3-BF4B-00C04F79EFBC}") = "week3class2", "week3class2\week3class2.csproj", "{A1C9F002-C5B3-4E45-A8BB-7D8DAFD471BA}"
EndProject
Global
	GlobalSection(SolutionConfigurationPlatforms) = preSolution
		Debug|Any CPU = Debug|Any CPU
		Release|Any CPU = Release|Any CPU
	EndGlobalSection
	GlobalSection(ProjectConfigurationPlatforms) = postSolution
		{A1C9F002-C5B3-4E45-A8BB-7D8DAFD471BA}.Debug|Any CPU.ActiveCfg = Debug|Any CPU
		{A1C9F002-C5B3-4E45-A8BB-7D8DAFD471BA}.Debug|Any CPU.Build.0 = Debug|Any CPU
		{A1C9F002-C5B3-4E45-A8BB-7D8DAFD471BA}.Release|Any CPU.ActiveCfg = Release|Any CPU
		{A1C9F002-C5B3-4E45-A8BB-7D8DAFD471BA}.Release|Any CPU.Build.0 = Release|Any CPU
	EndGlobalSection
	GlobalSection(SolutionProperties) = preSolution
		HideSolutionNode = FALSE
	EndGlobalSection
	GlobalSection(ExtensibilityGlobals) = postSolution
		SolutionGuid = {96CE53C1-C2B8-4FEE-9CBB-FFA1190D781B}
	EndGlobalSection
EndGlobal
